Microsoft Visual Studio Solution File, Format Version 12.00
# Visual Studio 2012
Project("{FAE04EC0-301F-11D3-BF4B-00C04F79EFBC}") = "Jungle Jump", "Jungle Jump.csproj", "{EC81A4CE-CA93-449A-8C2F-F5AE60EF59C5}"
EndProject
Global
	GlobalSection(SolutionConfigurationPlatforms) = preSolution
	Debug|Any CPU = Debug|Any CPU
	Release|Any CPU = Release|Any CPU
	Tools|Any CPU = Tools|Any CPU
	EndGlobalSection
	GlobalSection(ProjectConfigurationPlatforms) = postSolution
		{EC81A4CE-CA93-449A-8C2F-F5AE60EF59C5}.Debug|Any CPU.ActiveCfg = Debug|Any CPU
		{EC81A4CE-CA93-449A-8C2F-F5AE60EF59C5}.Debug|Any CPU.Build.0 = Debug|Any CPU
		{EC81A4CE-CA93-449A-8C2F-F5AE60EF59C5}.Release|Any CPU.ActiveCfg = Release|Any CPU
		{EC81A4CE-CA93-449A-8C2F-F5AE60EF59C5}.Release|Any CPU.Build.0 = Release|Any CPU
		{EC81A4CE-CA93-449A-8C2F-F5AE60EF59C5}.Tools|Any CPU.ActiveCfg = Tools|Any CPU
		{EC81A4CE-CA93-449A-8C2F-F5AE60EF59C5}.Tools|Any CPU.Build.0 = Tools|Any CPU
	EndGlobalSection
EndGlobal
